{
  "name": "ciberseg3",
  "lockfileVersion": 2,
  "requires": true,
  "packages": {
    "": {
      "dependencies": {
        "ar-poncho": "^2.0.237"
      }
    },
    "node_modules/ar-poncho": {
      "version": "2.0.237",
      "resolved": "https://registry.npmjs.org/ar-poncho/-/ar-poncho-2.0.237.tgz",
      "integrity": "sha512-lGLy1XlOULQfvEiMprf0zzAcGFpbd8wZ95oEB8NkmFGi0ryjFBlnL7cppqvltJwe1hFCXwS/U3CB2kBINEUSiQ=="
    }
  },
  "dependencies": {
    "ar-poncho": {
      "version": "2.0.237",
      "resolved": "https://registry.npmjs.org/ar-poncho/-/ar-poncho-2.0.237.tgz",
      "integrity": "sha512-lGLy1XlOULQfvEiMprf0zzAcGFpbd8wZ95oEB8NkmFGi0ryjFBlnL7cppqvltJwe1hFCXwS/U3CB2kBINEUSiQ=="
    }
  }
}
